// !$*UTF8*$!
{
	archiveVersion = 1;
	classes = {
	};
	objectVersion = 56;
	objects = {

/* Begin PBXBuildFile section */
		6A3B54C429ADDA2500ADE549 /* RMAPICacheManager.swift in Sources */ = {isa = PBXBuildFile; fileRef = 6A3B54C329ADDA2500ADE549 /* RMAPICacheManager.swift */; };
		6A3B54C629ADDE1800ADE549 /* RMEpisodeDetailViewViewModel.swift in Sources */ = {isa = PBXBuildFile; fileRef = 6A3B54C529ADDE1800ADE549 /* RMEpisodeDetailViewViewModel.swift */; };
		6A3B54C829ADDE6100ADE549 /* RMEpisodeDetailView.swift in Sources */ = {isa = PBXBuildFile; fileRef = 6A3B54C729ADDE6100ADE549 /* RMEpisodeDetailView.swift */; };
		6A3B54CB29ADDFFF00ADE549 /* RMEpisodeListView.swift in Sources */ = {isa = PBXBuildFile; fileRef = 6A3B54CA29ADDFFF00ADE549 /* RMEpisodeListView.swift */; };
		6A3B54CD29ADE17400ADE549 /* RMEpisodeListViewViewModel.swift in Sources */ = {isa = PBXBuildFile; fileRef = 6A3B54CC29ADE17400ADE549 /* RMEpisodeListViewViewModel.swift */; };
		6A3B54CF29ADE3AF00ADE549 /* RMGetAllEpisodeResponse.swift in Sources */ = {isa = PBXBuildFile; fileRef = 6A3B54CE29ADE3AF00ADE549 /* RMGetAllEpisodeResponse.swift */; };
		6A3B54D129ADEB1100ADE549 /* RMSearchViewController.swift in Sources */ = {isa = PBXBuildFile; fileRef = 6A3B54D029ADEB1100ADE549 /* RMSearchViewController.swift */; };
		6A3B54D429AE049400ADE549 /* RMEpisodeInfoCollectionViewCell.swift in Sources */ = {isa = PBXBuildFile; fileRef = 6A3B54D329AE049400ADE549 /* RMEpisodeInfoCollectionViewCell.swift */; };
		6A3B54D729AE04D200ADE549 /* RMEpisodeInfoCollectionViewCellViewModel.swift in Sources */ = {isa = PBXBuildFile; fileRef = 6A3B54D629AE04D200ADE549 /* RMEpisodeInfoCollectionViewCellViewModel.swift */; };
		6A416D55297FD9AD00254AB5 /* AppDelegate.swift in Sources */ = {isa = PBXBuildFile; fileRef = 6A416D54297FD9AD00254AB5 /* AppDelegate.swift */; };
		6A416D57297FD9AD00254AB5 /* SceneDelegate.swift in Sources */ = {isa = PBXBuildFile; fileRef = 6A416D56297FD9AD00254AB5 /* SceneDelegate.swift */; };
		6A416D59297FD9AD00254AB5 /* RMTabViewController.swift in Sources */ = {isa = PBXBuildFile; fileRef = 6A416D58297FD9AD00254AB5 /* RMTabViewController.swift */; };
		6A416D5E297FD9AE00254AB5 /* Assets.xcassets in Resources */ = {isa = PBXBuildFile; fileRef = 6A416D5D297FD9AE00254AB5 /* Assets.xcassets */; };
		6A416D61297FD9AE00254AB5 /* LaunchScreen.storyboard in Resources */ = {isa = PBXBuildFile; fileRef = 6A416D5F297FD9AE00254AB5 /* LaunchScreen.storyboard */; };
		6A416D70297FDB8C00254AB5 /* RMLocation.swift in Sources */ = {isa = PBXBuildFile; fileRef = 6A416D6F297FDB8C00254AB5 /* RMLocation.swift */; };
		6A416D72297FDBA600254AB5 /* RMCharacter.swift in Sources */ = {isa = PBXBuildFile; fileRef = 6A416D71297FDBA600254AB5 /* RMCharacter.swift */; };
		6A416D74297FDBBA00254AB5 /* RMEpisode.swift in Sources */ = {isa = PBXBuildFile; fileRef = 6A416D73297FDBBA00254AB5 /* RMEpisode.swift */; };
		6A416D77297FDC7500254AB5 /* RMCharacterViewController.swift in Sources */ = {isa = PBXBuildFile; fileRef = 6A416D76297FDC7500254AB5 /* RMCharacterViewController.swift */; };
		6A416D79297FDC9900254AB5 /* RMLocationViewController.swift in Sources */ = {isa = PBXBuildFile; fileRef = 6A416D78297FDC9900254AB5 /* RMLocationViewController.swift */; };
		6A416D7B297FDCA600254AB5 /* RMEpisodeViewController.swift in Sources */ = {isa = PBXBuildFile; fileRef = 6A416D7A297FDCA600254AB5 /* RMEpisodeViewController.swift */; };
		6A416D7D297FDCC500254AB5 /* RMSettingsViewController.swift in Sources */ = {isa = PBXBuildFile; fileRef = 6A416D7C297FDCC500254AB5 /* RMSettingsViewController.swift */; };
		6A416D7F297FE2A500254AB5 /* RMService.swift in Sources */ = {isa = PBXBuildFile; fileRef = 6A416D7E297FE2A500254AB5 /* RMService.swift */; };
		6A416D81297FE2B000254AB5 /* RMRequest.swift in Sources */ = {isa = PBXBuildFile; fileRef = 6A416D80297FE2B000254AB5 /* RMRequest.swift */; };
		6A416D83297FE32700254AB5 /* RMEndpoint.swift in Sources */ = {isa = PBXBuildFile; fileRef = 6A416D82297FE32700254AB5 /* RMEndpoint.swift */; };
		6A416D85297FE72A00254AB5 /* RMOrigin.swift in Sources */ = {isa = PBXBuildFile; fileRef = 6A416D84297FE72A00254AB5 /* RMOrigin.swift */; };
		6A416D87297FE77800254AB5 /* RMSingleLocation.swift in Sources */ = {isa = PBXBuildFile; fileRef = 6A416D86297FE77800254AB5 /* RMSingleLocation.swift */; };
		6A416D89297FE83800254AB5 /* RMCharacterStatus.swift in Sources */ = {isa = PBXBuildFile; fileRef = 6A416D88297FE83800254AB5 /* RMCharacterStatus.swift */; };
		6A416D8B297FE86300254AB5 /* RMCharacterGender.swift in Sources */ = {isa = PBXBuildFile; fileRef = 6A416D8A297FE86300254AB5 /* RMCharacterGender.swift */; };
		6A416D8F298003F300254AB5 /* RMGetAllCharactesResponse.swift in Sources */ = {isa = PBXBuildFile; fileRef = 6A416D8E298003F300254AB5 /* RMGetAllCharactesResponse.swift */; };
		6A416D912980073C00254AB5 /* RMCharacterListViewViewModel.swift in Sources */ = {isa = PBXBuildFile; fileRef = 6A416D902980073C00254AB5 /* RMCharacterListViewViewModel.swift */; };
		6A416D93298007C700254AB5 /* RMCharacterListView.swift in Sources */ = {isa = PBXBuildFile; fileRef = 6A416D92298007C700254AB5 /* RMCharacterListView.swift */; };
		6A416D9529800B5900254AB5 /* Extensions.swift in Sources */ = {isa = PBXBuildFile; fileRef = 6A416D9429800B5900254AB5 /* Extensions.swift */; };
		6A416D9729803DE600254AB5 /* RMCharacterCollectionViewCell.swift in Sources */ = {isa = PBXBuildFile; fileRef = 6A416D9629803DE600254AB5 /* RMCharacterCollectionViewCell.swift */; };
		6A416D9929803EFE00254AB5 /* RMCharacterCollectionViewCellViewModel.swift in Sources */ = {isa = PBXBuildFile; fileRef = 6A416D9829803EFE00254AB5 /* RMCharacterCollectionViewCellViewModel.swift */; };
		6A4E1DB9298296B80094161A /* RMCharacterPhotoCollectionViewCell.swift in Sources */ = {isa = PBXBuildFile; fileRef = 6A4E1DB8298296B80094161A /* RMCharacterPhotoCollectionViewCell.swift */; };
		6A4E1DBB298296C30094161A /* RMCharacterInformationCollectionViewCell.swift in Sources */ = {isa = PBXBuildFile; fileRef = 6A4E1DBA298296C30094161A /* RMCharacterInformationCollectionViewCell.swift */; };
		6A4E1DBE298296DC0094161A /* RMCharacterEpisodeCollectionViewCell.swift in Sources */ = {isa = PBXBuildFile; fileRef = 6A4E1DBD298296DC0094161A /* RMCharacterEpisodeCollectionViewCell.swift */; };
		6A4E1DC12982970E0094161A /* RMCharacterPhotoCollectionViewCellViewModel.swift in Sources */ = {isa = PBXBuildFile; fileRef = 6A4E1DC02982970E0094161A /* RMCharacterPhotoCollectionViewCellViewModel.swift */; };
		6A4E1DC32982973A0094161A /* RMCharacterInformationCollectionViewCellViewModel.swift in Sources */ = {isa = PBXBuildFile; fileRef = 6A4E1DC22982973A0094161A /* RMCharacterInformationCollectionViewCellViewModel.swift */; };
		6A4E1DC5298297440094161A /* RMCharacterEpisodeCollectionViewCellViewModel.swift in Sources */ = {isa = PBXBuildFile; fileRef = 6A4E1DC4298297440094161A /* RMCharacterEpisodeCollectionViewCellViewModel.swift */; };
		6A603A9129867683007A65FE /* RMEpisodeDetailViewController.swift in Sources */ = {isa = PBXBuildFile; fileRef = 6A603A9029867683007A65FE /* RMEpisodeDetailViewController.swift */; };
		6A6988CB298124BB00B3D2A6 /* RMCharacterDetailViewController.swift in Sources */ = {isa = PBXBuildFile; fileRef = 6A6988CA298124BB00B3D2A6 /* RMCharacterDetailViewController.swift */; };
		6A6988CD2981254300B3D2A6 /* RMCharacterDetailView.swift in Sources */ = {isa = PBXBuildFile; fileRef = 6A6988CC2981254300B3D2A6 /* RMCharacterDetailView.swift */; };
		6A6988CF2981256D00B3D2A6 /* RMCharacterDetailViewViewModel.swift in Sources */ = {isa = PBXBuildFile; fileRef = 6A6988CE2981256D00B3D2A6 /* RMCharacterDetailViewViewModel.swift */; };
		6A6988D129812B2300B3D2A6 /* RMFooterLoadingCollectionReusableView.swift in Sources */ = {isa = PBXBuildFile; fileRef = 6A6988D029812B2300B3D2A6 /* RMFooterLoadingCollectionReusableView.swift */; };
		6A6988D3298142F900B3D2A6 /* RMImageManager.swift in Sources */ = {isa = PBXBuildFile; fileRef = 6A6988D2298142F900B3D2A6 /* RMImageManager.swift */; };
/* End PBXBuildFile section */

/* Begin PBXFileReference section */
		6A3B54C329ADDA2500ADE549 /* RMAPICacheManager.swift */ = {isa = PBXFileReference; lastKnownFileType = sourcecode.swift; path = RMAPICacheManager.swift; sourceTree = "<group>"; };
		6A3B54C529ADDE1800ADE549 /* RMEpisodeDetailViewViewModel.swift */ = {isa = PBXFileReference; lastKnownFileType = sourcecode.swift; path = RMEpisodeDetailViewViewModel.swift; sourceTree = "<group>"; };
		6A3B54C729ADDE6100ADE549 /* RMEpisodeDetailView.swift */ = {isa = PBXFileReference; lastKnownFileType = sourcecode.swift; path = RMEpisodeDetailView.swift; sourceTree = "<group>"; };
		6A3B54CA29ADDFFF00ADE549 /* RMEpisodeListView.swift */ = {isa = PBXFileReference; lastKnownFileType = sourcecode.swift; path = RMEpisodeListView.swift; sourceTree = "<group>"; };
		6A3B54CC29ADE17400ADE549 /* RMEpisodeListViewViewModel.swift */ = {isa = PBXFileReference; lastKnownFileType = sourcecode.swift; path = RMEpisodeListViewViewModel.swift; sourceTree = "<group>"; };
		6A3B54CE29ADE3AF00ADE549 /* RMGetAllEpisodeResponse.swift */ = {isa = PBXFileReference; lastKnownFileType = sourcecode.swift; path = RMGetAllEpisodeResponse.swift; sourceTree = "<group>"; };
		6A3B54D029ADEB1100ADE549 /* RMSearchViewController.swift */ = {isa = PBXFileReference; lastKnownFileType = sourcecode.swift; path = RMSearchViewController.swift; sourceTree = "<group>"; };
		6A3B54D329AE049400ADE549 /* RMEpisodeInfoCollectionViewCell.swift */ = {isa = PBXFileReference; lastKnownFileType = sourcecode.swift; path = RMEpisodeInfoCollectionViewCell.swift; sourceTree = "<group>"; };
		6A3B54D629AE04D200ADE549 /* RMEpisodeInfoCollectionViewCellViewModel.swift */ = {isa = PBXFileReference; lastKnownFileType = sourcecode.swift; path = RMEpisodeInfoCollectionViewCellViewModel.swift; sourceTree = "<group>"; };
		6A416D51297FD9AD00254AB5 /* RickAndMorty.app */ = {isa = PBXFileReference; explicitFileType = wrapper.application; includeInIndex = 0; path = RickAndMorty.app; sourceTree = BUILT_PRODUCTS_DIR; };
		6A416D54297FD9AD00254AB5 /* AppDelegate.swift */ = {isa = PBXFileReference; lastKnownFileType = sourcecode.swift; path = AppDelegate.swift; sourceTree = "<group>"; };
		6A416D56297FD9AD00254AB5 /* SceneDelegate.swift */ = {isa = PBXFileReference; lastKnownFileType = sourcecode.swift; path = SceneDelegate.swift; sourceTree = "<group>"; };
		6A416D58297FD9AD00254AB5 /* RMTabViewController.swift */ = {isa = PBXFileReference; lastKnownFileType = sourcecode.swift; path = RMTabViewController.swift; sourceTree = "<group>"; };
		6A416D5D297FD9AE00254AB5 /* Assets.xcassets */ = {isa = PBXFileReference; lastKnownFileType = folder.assetcatalog; path = Assets.xcassets; sourceTree = "<group>"; };
		6A416D60297FD9AE00254AB5 /* Base */ = {isa = PBXFileReference; lastKnownFileType = file.storyboard; name = Base; path = Base.lproj/LaunchScreen.storyboard; sourceTree = "<group>"; };
		6A416D62297FD9AE00254AB5 /* Info.plist */ = {isa = PBXFileReference; lastKnownFileType = text.plist.xml; path = Info.plist; sourceTree = "<group>"; };
		6A416D6F297FDB8C00254AB5 /* RMLocation.swift */ = {isa = PBXFileReference; lastKnownFileType = sourcecode.swift; path = RMLocation.swift; sourceTree = "<group>"; };
		6A416D71297FDBA600254AB5 /* RMCharacter.swift */ = {isa = PBXFileReference; lastKnownFileType = sourcecode.swift; path = RMCharacter.swift; sourceTree = "<group>"; };
		6A416D73297FDBBA00254AB5 /* RMEpisode.swift */ = {isa = PBXFileReference; lastKnownFileType = sourcecode.swift; path = RMEpisode.swift; sourceTree = "<group>"; };
		6A416D76297FDC7500254AB5 /* RMCharacterViewController.swift */ = {isa = PBXFileReference; lastKnownFileType = sourcecode.swift; path = RMCharacterViewController.swift; sourceTree = "<group>"; };
		6A416D78297FDC9900254AB5 /* RMLocationViewController.swift */ = {isa = PBXFileReference; lastKnownFileType = sourcecode.swift; path = RMLocationViewController.swift; sourceTree = "<group>"; };
		6A416D7A297FDCA600254AB5 /* RMEpisodeViewController.swift */ = {isa = PBXFileReference; lastKnownFileType = sourcecode.swift; path = RMEpisodeViewController.swift; sourceTree = "<group>"; };
		6A416D7C297FDCC500254AB5 /* RMSettingsViewController.swift */ = {isa = PBXFileReference; lastKnownFileType = sourcecode.swift; path = RMSettingsViewController.swift; sourceTree = "<group>"; };
		6A416D7E297FE2A500254AB5 /* RMService.swift */ = {isa = PBXFileReference; lastKnownFileType = sourcecode.swift; path = RMService.swift; sourceTree = "<group>"; };
		6A416D80297FE2B000254AB5 /* RMRequest.swift */ = {isa = PBXFileReference; lastKnownFileType = sourcecode.swift; path = RMRequest.swift; sourceTree = "<group>"; };
		6A416D82297FE32700254AB5 /* RMEndpoint.swift */ = {isa = PBXFileReference; lastKnownFileType = sourcecode.swift; path = RMEndpoint.swift; sourceTree = "<group>"; };
		6A416D84297FE72A00254AB5 /* RMOrigin.swift */ = {isa = PBXFileReference; lastKnownFileType = sourcecode.swift; path = RMOrigin.swift; sourceTree = "<group>"; };
		6A416D86297FE77800254AB5 /* RMSingleLocation.swift */ = {isa = PBXFileReference; lastKnownFileType = sourcecode.swift; path = RMSingleLocation.swift; sourceTree = "<group>"; };
		6A416D88297FE83800254AB5 /* RMCharacterStatus.swift */ = {isa = PBXFileReference; lastKnownFileType = sourcecode.swift; path = RMCharacterStatus.swift; sourceTree = "<group>"; };
		6A416D8A297FE86300254AB5 /* RMCharacterGender.swift */ = {isa = PBXFileReference; lastKnownFileType = sourcecode.swift; path = RMCharacterGender.swift; sourceTree = "<group>"; };
		6A416D8E298003F300254AB5 /* RMGetAllCharactesResponse.swift */ = {isa = PBXFileReference; lastKnownFileType = sourcecode.swift; path = RMGetAllCharactesResponse.swift; sourceTree = "<group>"; };
		6A416D902980073C00254AB5 /* RMCharacterListViewViewModel.swift */ = {isa = PBXFileReference; lastKnownFileType = sourcecode.swift; path = RMCharacterListViewViewModel.swift; sourceTree = "<group>"; };
		6A416D92298007C700254AB5 /* RMCharacterListView.swift */ = {isa = PBXFileReference; lastKnownFileType = sourcecode.swift; path = RMCharacterListView.swift; sourceTree = "<group>"; };
		6A416D9429800B5900254AB5 /* Extensions.swift */ = {isa = PBXFileReference; lastKnownFileType = sourcecode.swift; path = Extensions.swift; sourceTree = "<group>"; };
		6A416D9629803DE600254AB5 /* RMCharacterCollectionViewCell.swift */ = {isa = PBXFileReference; lastKnownFileType = sourcecode.swift; path = RMCharacterCollectionViewCell.swift; sourceTree = "<group>"; };
		6A416D9829803EFE00254AB5 /* RMCharacterCollectionViewCellViewModel.swift */ = {isa = PBXFileReference; lastKnownFileType = sourcecode.swift; path = RMCharacterCollectionViewCellViewModel.swift; sourceTree = "<group>"; };
		6A4E1DB8298296B80094161A /* RMCharacterPhotoCollectionViewCell.swift */ = {isa = PBXFileReference; lastKnownFileType = sourcecode.swift; path = RMCharacterPhotoCollectionViewCell.swift; sourceTree = "<group>"; };
		6A4E1DBA298296C30094161A /* RMCharacterInformationCollectionViewCell.swift */ = {isa = PBXFileReference; lastKnownFileType = sourcecode.swift; path = RMCharacterInformationCollectionViewCell.swift; sourceTree = "<group>"; };
		6A4E1DBD298296DC0094161A /* RMCharacterEpisodeCollectionViewCell.swift */ = {isa = PBXFileReference; lastKnownFileType = sourcecode.swift; path = RMCharacterEpisodeCollectionViewCell.swift; sourceTree = "<group>"; };
		6A4E1DC02982970E0094161A /* RMCharacterPhotoCollectionViewCellViewModel.swift */ = {isa = PBXFileReference; lastKnownFileType = sourcecode.swift; path = RMCharacterPhotoCollectionViewCellViewModel.swift; sourceTree = "<group>"; };
		6A4E1DC22982973A0094161A /* RMCharacterInformationCollectionViewCellViewModel.swift */ = {isa = PBXFileReference; lastKnownFileType = sourcecode.swift; path = RMCharacterInformationCollectionViewCellViewModel.swift; sourceTree = "<group>"; };
		6A4E1DC4298297440094161A /* RMCharacterEpisodeCollectionViewCellViewModel.swift */ = {isa = PBXFileReference; lastKnownFileType = sourcecode.swift; path = RMCharacterEpisodeCollectionViewCellViewModel.swift; sourceTree = "<group>"; };
		6A603A9029867683007A65FE /* RMEpisodeDetailViewController.swift */ = {isa = PBXFileReference; lastKnownFileType = sourcecode.swift; path = RMEpisodeDetailViewController.swift; sourceTree = "<group>"; };
		6A6988CA298124BB00B3D2A6 /* RMCharacterDetailViewController.swift */ = {isa = PBXFileReference; lastKnownFileType = sourcecode.swift; path = RMCharacterDetailViewController.swift; sourceTree = "<group>"; };
		6A6988CC2981254300B3D2A6 /* RMCharacterDetailView.swift */ = {isa = PBXFileReference; lastKnownFileType = sourcecode.swift; path = RMCharacterDetailView.swift; sourceTree = "<group>"; };
		6A6988CE2981256D00B3D2A6 /* RMCharacterDetailViewViewModel.swift */ = {isa = PBXFileReference; lastKnownFileType = sourcecode.swift; path = RMCharacterDetailViewViewModel.swift; sourceTree = "<group>"; };
		6A6988D029812B2300B3D2A6 /* RMFooterLoadingCollectionReusableView.swift */ = {isa = PBXFileReference; lastKnownFileType = sourcecode.swift; path = RMFooterLoadingCollectionReusableView.swift; sourceTree = "<group>"; };
		6A6988D2298142F900B3D2A6 /* RMImageManager.swift */ = {isa = PBXFileReference; lastKnownFileType = sourcecode.swift; path = RMImageManager.swift; sourceTree = "<group>"; };
/* End PBXFileReference section */

/* Begin PBXFrameworksBuildPhase section */
		6A416D4E297FD9AD00254AB5 /* Frameworks */ = {
			isa = PBXFrameworksBuildPhase;
			buildActionMask = 2147483647;
			files = (
			);
			runOnlyForDeploymentPostprocessing = 0;
		};
/* End PBXFrameworksBuildPhase section */

/* Begin PBXGroup section */
		6A3B54C929ADDFEE00ADE549 /* Episode */ = {
			isa = PBXGroup;
			children = (
				6A3B54CA29ADDFFF00ADE549 /* RMEpisodeListView.swift */,
			);
			path = Episode;
			sourceTree = "<group>";
		};
		6A3B54D229AE047D00ADE549 /* EpisodeDetails */ = {
			isa = PBXGroup;
			children = (
				6A3B54C729ADDE6100ADE549 /* RMEpisodeDetailView.swift */,
				6A3B54D329AE049400ADE549 /* RMEpisodeInfoCollectionViewCell.swift */,
			);
			path = EpisodeDetails;
			sourceTree = "<group>";
		};
		6A3B54D529AE04C300ADE549 /* EpisodeDetail */ = {
			isa = PBXGroup;
			children = (
				6A3B54C529ADDE1800ADE549 /* RMEpisodeDetailViewViewModel.swift */,
				6A3B54D629AE04D200ADE549 /* RMEpisodeInfoCollectionViewCellViewModel.swift */,
			);
			path = EpisodeDetail;
			sourceTree = "<group>";
		};
		6A416D48297FD9AD00254AB5 = {
			isa = PBXGroup;
			children = (
				6A416D53297FD9AD00254AB5 /* RickAndMorty */,
				6A416D52297FD9AD00254AB5 /* Products */,
			);
			sourceTree = "<group>";
		};
		6A416D52297FD9AD00254AB5 /* Products */ = {
			isa = PBXGroup;
			children = (
				6A416D51297FD9AD00254AB5 /* RickAndMorty.app */,
			);
			name = Products;
			sourceTree = "<group>";
		};
		6A416D53297FD9AD00254AB5 /* RickAndMorty */ = {
			isa = PBXGroup;
			children = (
				6A416D6E297FDB1A00254AB5 /* Recources */,
				6A416D6D297FDB0D00254AB5 /* Managers */,
				6A416D6C297FDB0000254AB5 /* APIClient */,
				6A416D6B297FDAF700254AB5 /* ViewModels */,
				6A416D6A297FDAEF00254AB5 /* Views */,
				6A416D69297FDAE800254AB5 /* Models */,
				6A416D68297FDADC00254AB5 /* Controllers */,
				6A416D62297FD9AE00254AB5 /* Info.plist */,
			);
			path = RickAndMorty;
			sourceTree = "<group>";
		};
		6A416D68297FDADC00254AB5 /* Controllers */ = {
			isa = PBXGroup;
			children = (
				6A6988C92981248F00B3D2A6 /* Other */,
				6A416D75297FDC2C00254AB5 /* Core */,
			);
			path = Controllers;
			sourceTree = "<group>";
		};
		6A416D69297FDAE800254AB5 /* Models */ = {
			isa = PBXGroup;
			children = (
				6A416D8D298003D400254AB5 /* ApiResponseType */,
				6A416D8C298003B600254AB5 /* DataTypes */,
			);
			path = Models;
			sourceTree = "<group>";
		};
		6A416D6A297FDAEF00254AB5 /* Views */ = {
			isa = PBXGroup;
			children = (
				6A3B54D229AE047D00ADE549 /* EpisodeDetails */,
				6A3B54C929ADDFEE00ADE549 /* Episode */,
				6A4E1DB6298296600094161A /* CharacterDetails */,
				6A4E1DB7298296800094161A /* Character */,
				6A6988D029812B2300B3D2A6 /* RMFooterLoadingCollectionReusableView.swift */,
			);
			path = Views;
			sourceTree = "<group>";
		};
		6A416D6B297FDAF700254AB5 /* ViewModels */ = {
			isa = PBXGroup;
			children = (
				6A3B54D529AE04C300ADE549 /* EpisodeDetail */,
				6A4E1DBF298296E40094161A /* CharacterDetail */,
				6A416D902980073C00254AB5 /* RMCharacterListViewViewModel.swift */,
				6A416D9829803EFE00254AB5 /* RMCharacterCollectionViewCellViewModel.swift */,
				6A3B54CC29ADE17400ADE549 /* RMEpisodeListViewViewModel.swift */,
			);
			path = ViewModels;
			sourceTree = "<group>";
		};
		6A416D6C297FDB0000254AB5 /* APIClient */ = {
			isa = PBXGroup;
			children = (
				6A416D7E297FE2A500254AB5 /* RMService.swift */,
				6A416D80297FE2B000254AB5 /* RMRequest.swift */,
				6A416D82297FE32700254AB5 /* RMEndpoint.swift */,
			);
			path = APIClient;
			sourceTree = "<group>";
		};
		6A416D6D297FDB0D00254AB5 /* Managers */ = {
			isa = PBXGroup;
			children = (
				6A6988D2298142F900B3D2A6 /* RMImageManager.swift */,
				6A3B54C329ADDA2500ADE549 /* RMAPICacheManager.swift */,
			);
			path = Managers;
			sourceTree = "<group>";
		};
		6A416D6E297FDB1A00254AB5 /* Recources */ = {
			isa = PBXGroup;
			children = (
				6A416D5D297FD9AE00254AB5 /* Assets.xcassets */,
				6A416D5F297FD9AE00254AB5 /* LaunchScreen.storyboard */,
				6A416D54297FD9AD00254AB5 /* AppDelegate.swift */,
				6A416D56297FD9AD00254AB5 /* SceneDelegate.swift */,
				6A416D9429800B5900254AB5 /* Extensions.swift */,
			);
			path = Recources;
			sourceTree = "<group>";
		};
		6A416D75297FDC2C00254AB5 /* Core */ = {
			isa = PBXGroup;
			children = (
				6A416D58297FD9AD00254AB5 /* RMTabViewController.swift */,
				6A416D76297FDC7500254AB5 /* RMCharacterViewController.swift */,
				6A416D78297FDC9900254AB5 /* RMLocationViewController.swift */,
				6A416D7A297FDCA600254AB5 /* RMEpisodeViewController.swift */,
				6A416D7C297FDCC500254AB5 /* RMSettingsViewController.swift */,
			);
			path = Core;
			sourceTree = "<group>";
		};
		6A416D8C298003B600254AB5 /* DataTypes */ = {
			isa = PBXGroup;
			children = (
				6A416D6F297FDB8C00254AB5 /* RMLocation.swift */,
				6A416D71297FDBA600254AB5 /* RMCharacter.swift */,
				6A416D73297FDBBA00254AB5 /* RMEpisode.swift */,
				6A416D84297FE72A00254AB5 /* RMOrigin.swift */,
				6A416D86297FE77800254AB5 /* RMSingleLocation.swift */,
				6A416D88297FE83800254AB5 /* RMCharacterStatus.swift */,
				6A416D8A297FE86300254AB5 /* RMCharacterGender.swift */,
			);
			path = DataTypes;
			sourceTree = "<group>";
		};
		6A416D8D298003D400254AB5 /* ApiResponseType */ = {
			isa = PBXGroup;
			children = (
				6A416D8E298003F300254AB5 /* RMGetAllCharactesResponse.swift */,
				6A3B54CE29ADE3AF00ADE549 /* RMGetAllEpisodeResponse.swift */,
			);
			path = ApiResponseType;
			sourceTree = "<group>";
		};
		6A4E1DB6298296600094161A /* CharacterDetails */ = {
			isa = PBXGroup;
			children = (
				6A6988CC2981254300B3D2A6 /* RMCharacterDetailView.swift */,
				6A4E1DB8298296B80094161A /* RMCharacterPhotoCollectionViewCell.swift */,
				6A4E1DBA298296C30094161A /* RMCharacterInformationCollectionViewCell.swift */,
				6A4E1DBD298296DC0094161A /* RMCharacterEpisodeCollectionViewCell.swift */,
			);
			path = CharacterDetails;
			sourceTree = "<group>";
		};
		6A4E1DB7298296800094161A /* Character */ = {
			isa = PBXGroup;
			children = (
				6A416D92298007C700254AB5 /* RMCharacterListView.swift */,
				6A416D9629803DE600254AB5 /* RMCharacterCollectionViewCell.swift */,
			);
			path = Character;
			sourceTree = "<group>";
		};
		6A4E1DBF298296E40094161A /* CharacterDetail */ = {
			isa = PBXGroup;
			children = (
				6A6988CE2981256D00B3D2A6 /* RMCharacterDetailViewViewModel.swift */,
				6A4E1DC02982970E0094161A /* RMCharacterPhotoCollectionViewCellViewModel.swift */,
				6A4E1DC22982973A0094161A /* RMCharacterInformationCollectionViewCellViewModel.swift */,
				6A4E1DC4298297440094161A /* RMCharacterEpisodeCollectionViewCellViewModel.swift */,
			);
			path = CharacterDetail;
			sourceTree = "<group>";
		};
		6A6988C92981248F00B3D2A6 /* Other */ = {
			isa = PBXGroup;
			children = (
				6A6988CA298124BB00B3D2A6 /* RMCharacterDetailViewController.swift */,
				6A603A9029867683007A65FE /* RMEpisodeDetailViewController.swift */,
				6A3B54D029ADEB1100ADE549 /* RMSearchViewController.swift */,
			);
			path = Other;
			sourceTree = "<group>";
		};
/* End PBXGroup section */

/* Begin PBXNativeTarget section */
		6A416D50297FD9AD00254AB5 /* RickAndMorty */ = {
			isa = PBXNativeTarget;
			buildConfigurationList = 6A416D65297FD9AE00254AB5 /* Build configuration list for PBXNativeTarget "RickAndMorty" */;
			buildPhases = (
				6A416D4D297FD9AD00254AB5 /* Sources */,
				6A416D4E297FD9AD00254AB5 /* Frameworks */,
				6A416D4F297FD9AD00254AB5 /* Resources */,
			);
			buildRules = (
			);
			dependencies = (
			);
			name = RickAndMorty;
			productName = RickAndMorty;
			productReference = 6A416D51297FD9AD00254AB5 /* RickAndMorty.app */;
			productType = "com.apple.product-type.application";
		};
/* End PBXNativeTarget section */

/* Begin PBXProject section */
		6A416D49297FD9AD00254AB5 /* Project object */ = {
			isa = PBXProject;
			attributes = {
				BuildIndependentTargetsInParallel = 1;
				LastSwiftUpdateCheck = 1410;
				LastUpgradeCheck = 1410;
				TargetAttributes = {
					6A416D50297FD9AD00254AB5 = {
						CreatedOnToolsVersion = 14.1;
					};
				};
			};
			buildConfigurationList = 6A416D4C297FD9AD00254AB5 /* Build configuration list for PBXProject "RickAndMorty" */;
			compatibilityVersion = "Xcode 14.0";
			developmentRegion = en;
			hasScannedForEncodings = 0;
			knownRegions = (
				en,
				Base,
			);
			mainGroup = 6A416D48297FD9AD00254AB5;
			productRefGroup = 6A416D52297FD9AD00254AB5 /* Products */;
			projectDirPath = "";
			projectRoot = "";
			targets = (
				6A416D50297FD9AD00254AB5 /* RickAndMorty */,
			);
		};
/* End PBXProject section */

/* Begin PBXResourcesBuildPhase section */
		6A416D4F297FD9AD00254AB5 /* Resources */ = {
			isa = PBXResourcesBuildPhase;
			buildActionMask = 2147483647;
			files = (
				6A416D61297FD9AE00254AB5 /* LaunchScreen.storyboard in Resources */,
				6A416D5E297FD9AE00254AB5 /* Assets.xcassets in Resources */,
			);
			runOnlyForDeploymentPostprocessing = 0;
		};
/* End PBXResourcesBuildPhase section */

/* Begin PBXSourcesBuildPhase section */
		6A416D4D297FD9AD00254AB5 /* Sources */ = {
			isa = PBXSourcesBuildPhase;
			buildActionMask = 2147483647;
			files = (
				6A416D85297FE72A00254AB5 /* RMOrigin.swift in Sources */,
				6A6988CF2981256D00B3D2A6 /* RMCharacterDetailViewViewModel.swift in Sources */,
				6A416D87297FE77800254AB5 /* RMSingleLocation.swift in Sources */,
				6A3B54D129ADEB1100ADE549 /* RMSearchViewController.swift in Sources */,
				6A416D93298007C700254AB5 /* RMCharacterListView.swift in Sources */,
				6A416D89297FE83800254AB5 /* RMCharacterStatus.swift in Sources */,
				6A4E1DC32982973A0094161A /* RMCharacterInformationCollectionViewCellViewModel.swift in Sources */,
				6A416D8B297FE86300254AB5 /* RMCharacterGender.swift in Sources */,
				6A416D79297FDC9900254AB5 /* RMLocationViewController.swift in Sources */,
				6A6988CB298124BB00B3D2A6 /* RMCharacterDetailViewController.swift in Sources */,
				6A3B54CB29ADDFFF00ADE549 /* RMEpisodeListView.swift in Sources */,
				6A6988D129812B2300B3D2A6 /* RMFooterLoadingCollectionReusableView.swift in Sources */,
				6A416D8F298003F300254AB5 /* RMGetAllCharactesResponse.swift in Sources */,
				6A416D74297FDBBA00254AB5 /* RMEpisode.swift in Sources */,
				6A416D59297FD9AD00254AB5 /* RMTabViewController.swift in Sources */,
				6A416D9729803DE600254AB5 /* RMCharacterCollectionViewCell.swift in Sources */,
				6A416D7B297FDCA600254AB5 /* RMEpisodeViewController.swift in Sources */,
				6A4E1DC5298297440094161A /* RMCharacterEpisodeCollectionViewCellViewModel.swift in Sources */,
				6A4E1DBB298296C30094161A /* RMCharacterInformationCollectionViewCell.swift in Sources */,
				6A3B54CF29ADE3AF00ADE549 /* RMGetAllEpisodeResponse.swift in Sources */,
				6A416D55297FD9AD00254AB5 /* AppDelegate.swift in Sources */,
				6A416D57297FD9AD00254AB5 /* SceneDelegate.swift in Sources */,
				6A416D81297FE2B000254AB5 /* RMRequest.swift in Sources */,
				6A4E1DB9298296B80094161A /* RMCharacterPhotoCollectionViewCell.swift in Sources */,
				6A416D9529800B5900254AB5 /* Extensions.swift in Sources */,
				6A416D7D297FDCC500254AB5 /* RMSettingsViewController.swift in Sources */,
				6A4E1DC12982970E0094161A /* RMCharacterPhotoCollectionViewCellViewModel.swift in Sources */,
				6A416D7F297FE2A500254AB5 /* RMService.swift in Sources */,
				6A416D83297FE32700254AB5 /* RMEndpoint.swift in Sources */,
				6A416D70297FDB8C00254AB5 /* RMLocation.swift in Sources */,
				6A603A9129867683007A65FE /* RMEpisodeDetailViewController.swift in Sources */,
				6A3B54C829ADDE6100ADE549 /* RMEpisodeDetailView.swift in Sources */,
				6A416D9929803EFE00254AB5 /* RMCharacterCollectionViewCellViewModel.swift in Sources */,
				6A6988D3298142F900B3D2A6 /* RMImageManager.swift in Sources */,
				6A416D72297FDBA600254AB5 /* RMCharacter.swift in Sources */,
				6A416D912980073C00254AB5 /* RMCharacterListViewViewModel.swift in Sources */,
				6A4E1DBE298296DC0094161A /* RMCharacterEpisodeCollectionViewCell.swift in Sources */,
				6A416D77297FDC7500254AB5 /* RMCharacterViewController.swift in Sources */,
				6A3B54CD29ADE17400ADE549 /* RMEpisodeListViewViewModel.swift in Sources */,
				6A3B54C429ADDA2500ADE549 /* RMAPICacheManager.swift in Sources */,
				6A3B54D729AE04D200ADE549 /* RMEpisodeInfoCollectionViewCellViewModel.swift in Sources */,
				6A3B54D429AE049400ADE549 /* RMEpisodeInfoCollectionViewCell.swift in Sources */,
				6A3B54C629ADDE1800ADE549 /* RMEpisodeDetailViewViewModel.swift in Sources */,
				6A6988CD2981254300B3D2A6 /* RMCharacterDetailView.swift in Sources */,
			);
			runOnlyForDeploymentPostprocessing = 0;
		};
/* End PBXSourcesBuildPhase section */

/* Begin PBXVariantGroup section */
		6A416D5F297FD9AE00254AB5 /* LaunchScreen.storyboard */ = {
			isa = PBXVariantGroup;
			children = (
				6A416D60297FD9AE00254AB5 /* Base */,
			);
			name = LaunchScreen.storyboard;
			sourceTree = "<group>";
		};
/* End PBXVariantGroup section */

/* Begin XCBuildConfiguration section */
		6A416D63297FD9AE00254AB5 /* Debug */ = {
			isa = XCBuildConfiguration;
			buildSettings = {
				ALWAYS_SEARCH_USER_PATHS = NO;
				CLANG_ANALYZER_NONNULL = YES;
				CLANG_ANALYZER_NUMBER_OBJECT_CONVERSION = YES_AGGRESSIVE;
				CLANG_CXX_LANGUAGE_STANDARD = "gnu++20";
				CLANG_ENABLE_MODULES = YES;
				CLANG_ENABLE_OBJC_ARC = YES;
				CLANG_ENABLE_OBJC_WEAK = YES;
				CLANG_WARN_BLOCK_CAPTURE_AUTORELEASING = YES;
				CLANG_WARN_BOOL_CONVERSION = YES;
				CLANG_WARN_COMMA = YES;
				CLANG_WARN_CONSTANT_CONVERSION = YES;
				CLANG_WARN_DEPRECATED_OBJC_IMPLEMENTATIONS = YES;
				CLANG_WARN_DIRECT_OBJC_ISA_USAGE = YES_ERROR;
				CLANG_WARN_DOCUMENTATION_COMMENTS = YES;
				CLANG_WARN_EMPTY_BODY = YES;
				CLANG_WARN_ENUM_CONVERSION = YES;
				CLANG_WARN_INFINITE_RECURSION = YES;
				CLANG_WARN_INT_CONVERSION = YES;
				CLANG_WARN_NON_LITERAL_NULL_CONVERSION = YES;
				CLANG_WARN_OBJC_IMPLICIT_RETAIN_SELF = YES;
				CLANG_WARN_OBJC_LITERAL_CONVERSION = YES;
				CLANG_WARN_OBJC_ROOT_CLASS = YES_ERROR;
				CLANG_WARN_QUOTED_INCLUDE_IN_FRAMEWORK_HEADER = YES;
				CLANG_WARN_RANGE_LOOP_ANALYSIS = YES;
				CLANG_WARN_STRICT_PROTOTYPES = YES;
				CLANG_WARN_SUSPICIOUS_MOVE = YES;
				CLANG_WARN_UNGUARDED_AVAILABILITY = YES_AGGRESSIVE;
				CLANG_WARN_UNREACHABLE_CODE = YES;
				CLANG_WARN__DUPLICATE_METHOD_MATCH = YES;
				COPY_PHASE_STRIP = NO;
				DEBUG_INFORMATION_FORMAT = dwarf;
				ENABLE_STRICT_OBJC_MSGSEND = YES;
				ENABLE_TESTABILITY = YES;
				GCC_C_LANGUAGE_STANDARD = gnu11;
				GCC_DYNAMIC_NO_PIC = NO;
				GCC_NO_COMMON_BLOCKS = YES;
				GCC_OPTIMIZATION_LEVEL = 0;
				GCC_PREPROCESSOR_DEFINITIONS = (
					"DEBUG=1",
					"$(inherited)",
				);
				GCC_WARN_64_TO_32_BIT_CONVERSION = YES;
				GCC_WARN_ABOUT_RETURN_TYPE = YES_ERROR;
				GCC_WARN_UNDECLARED_SELECTOR = YES;
				GCC_WARN_UNINITIALIZED_AUTOS = YES_AGGRESSIVE;
				GCC_WARN_UNUSED_FUNCTION = YES;
				GCC_WARN_UNUSED_VARIABLE = YES;
				IPHONEOS_DEPLOYMENT_TARGET = 16.1;
				MTL_ENABLE_DEBUG_INFO = INCLUDE_SOURCE;
				MTL_FAST_MATH = YES;
				ONLY_ACTIVE_ARCH = YES;
				SDKROOT = iphoneos;
				SWIFT_ACTIVE_COMPILATION_CONDITIONS = DEBUG;
				SWIFT_OPTIMIZATION_LEVEL = "-Onone";
			};
			name = Debug;
		};
		6A416D64297FD9AE00254AB5 /* Release */ = {
			isa = XCBuildConfiguration;
			buildSettings = {
				ALWAYS_SEARCH_USER_PATHS = NO;
				CLANG_ANALYZER_NONNULL = YES;
				CLANG_ANALYZER_NUMBER_OBJECT_CONVERSION = YES_AGGRESSIVE;
				CLANG_CXX_LANGUAGE_STANDARD = "gnu++20";
				CLANG_ENABLE_MODULES = YES;
				CLANG_ENABLE_OBJC_ARC = YES;
				CLANG_ENABLE_OBJC_WEAK = YES;
				CLANG_WARN_BLOCK_CAPTURE_AUTORELEASING = YES;
				CLANG_WARN_BOOL_CONVERSION = YES;
				CLANG_WARN_COMMA = YES;
				CLANG_WARN_CONSTANT_CONVERSION = YES;
				CLANG_WARN_DEPRECATED_OBJC_IMPLEMENTATIONS = YES;
				CLANG_WARN_DIRECT_OBJC_ISA_USAGE = YES_ERROR;
				CLANG_WARN_DOCUMENTATION_COMMENTS = YES;
				CLANG_WARN_EMPTY_BODY = YES;
				CLANG_WARN_ENUM_CONVERSION = YES;
				CLANG_WARN_INFINITE_RECURSION = YES;
				CLANG_WARN_INT_CONVERSION = YES;
				CLANG_WARN_NON_LITERAL_NULL_CONVERSION = YES;
				CLANG_WARN_OBJC_IMPLICIT_RETAIN_SELF = YES;
				CLANG_WARN_OBJC_LITERAL_CONVERSION = YES;
				CLANG_WARN_OBJC_ROOT_CLASS = YES_ERROR;
				CLANG_WARN_QUOTED_INCLUDE_IN_FRAMEWORK_HEADER = YES;
				CLANG_WARN_RANGE_LOOP_ANALYSIS = YES;
				CLANG_WARN_STRICT_PROTOTYPES = YES;
				CLANG_WARN_SUSPICIOUS_MOVE = YES;
				CLANG_WARN_UNGUARDED_AVAILABILITY = YES_AGGRESSIVE;
				CLANG_WARN_UNREACHABLE_CODE = YES;
				CLANG_WARN__DUPLICATE_METHOD_MATCH = YES;
				COPY_PHASE_STRIP = NO;
				DEBUG_INFORMATION_FORMAT = "dwarf-with-dsym";
				ENABLE_NS_ASSERTIONS = NO;
				ENABLE_STRICT_OBJC_MSGSEND = YES;
				GCC_C_LANGUAGE_STANDARD = gnu11;
				GCC_NO_COMMON_BLOCKS = YES;
				GCC_WARN_64_TO_32_BIT_CONVERSION = YES;
				GCC_WARN_ABOUT_RETURN_TYPE = YES_ERROR;
				GCC_WARN_UNDECLARED_SELECTOR = YES;
				GCC_WARN_UNINITIALIZED_AUTOS = YES_AGGRESSIVE;
				GCC_WARN_UNUSED_FUNCTION = YES;
				GCC_WARN_UNUSED_VARIABLE = YES;
				IPHONEOS_DEPLOYMENT_TARGET = 16.1;
				MTL_ENABLE_DEBUG_INFO = NO;
				MTL_FAST_MATH = YES;
				SDKROOT = iphoneos;
				SWIFT_COMPILATION_MODE = wholemodule;
				SWIFT_OPTIMIZATION_LEVEL = "-O";
				VALIDATE_PRODUCT = YES;
			};
			name = Release;
		};
		6A416D66297FD9AE00254AB5 /* Debug */ = {
			isa = XCBuildConfiguration;
			buildSettings = {
				ASSETCATALOG_COMPILER_APPICON_NAME = AppIcon;
				ASSETCATALOG_COMPILER_GLOBAL_ACCENT_COLOR_NAME = AccentColor;
				CODE_SIGN_STYLE = Automatic;
				CURRENT_PROJECT_VERSION = 1;
				DEVELOPMENT_TEAM = 268425KQUF;
				GENERATE_INFOPLIST_FILE = YES;
				INFOPLIST_FILE = RickAndMorty/Info.plist;
				INFOPLIST_KEY_UIApplicationSupportsIndirectInputEvents = YES;
				INFOPLIST_KEY_UILaunchStoryboardName = LaunchScreen;
				INFOPLIST_KEY_UISupportedInterfaceOrientations_iPad = "UIInterfaceOrientationPortrait UIInterfaceOrientationPortraitUpsideDown UIInterfaceOrientationLandscapeLeft UIInterfaceOrientationLandscapeRight";
				INFOPLIST_KEY_UISupportedInterfaceOrientations_iPhone = "UIInterfaceOrientationPortrait UIInterfaceOrientationLandscapeLeft UIInterfaceOrientationLandscapeRight";
				LD_RUNPATH_SEARCH_PATHS = (
					"$(inherited)",
					"@executable_path/Frameworks",
				);
				MARKETING_VERSION = 1.0;
				PRODUCT_BUNDLE_IDENTIFIER = com.vyurking.RickAndMorty;
				PRODUCT_NAME = "$(TARGET_NAME)";
				SWIFT_EMIT_LOC_STRINGS = YES;
				SWIFT_VERSION = 5.0;
				TARGETED_DEVICE_FAMILY = "1,2";
			};
			name = Debug;
		};
		6A416D67297FD9AE00254AB5 /* Release */ = {
			isa = XCBuildConfiguration;
			buildSettings = {
				ASSETCATALOG_COMPILER_APPICON_NAME = AppIcon;
				ASSETCATALOG_COMPILER_GLOBAL_ACCENT_COLOR_NAME = AccentColor;
				CODE_SIGN_STYLE = Automatic;
				CURRENT_PROJECT_VERSION = 1;
				DEVELOPMENT_TEAM = 268425KQUF;
				GENERATE_INFOPLIST_FILE = YES;
				INFOPLIST_FILE = RickAndMorty/Info.plist;
				INFOPLIST_KEY_UIApplicationSupportsIndirectInputEvents = YES;
				INFOPLIST_KEY_UILaunchStoryboardName = LaunchScreen;
				INFOPLIST_KEY_UISupportedInterfaceOrientations_iPad = "UIInterfaceOrientationPortrait UIInterfaceOrientationPortraitUpsideDown UIInterfaceOrientationLandscapeLeft UIInterfaceOrientationLandscapeRight";
				INFOPLIST_KEY_UISupportedInterfaceOrientations_iPhone = "UIInterfaceOrientationPortrait UIInterfaceOrientationLandscapeLeft UIInterfaceOrientationLandscapeRight";
				LD_RUNPATH_SEARCH_PATHS = (
					"$(inherited)",
					"@executable_path/Frameworks",
				);
				MARKETING_VERSION = 1.0;
				PRODUCT_BUNDLE_IDENTIFIER = com.vyurking.RickAndMorty;
				PRODUCT_NAME = "$(TARGET_NAME)";
				SWIFT_EMIT_LOC_STRINGS = YES;
				SWIFT_VERSION = 5.0;
				TARGETED_DEVICE_FAMILY = "1,2";
			};
			name = Release;
		};
/* End XCBuildConfiguration section */

/* Begin XCConfigurationList section */
		6A416D4C297FD9AD00254AB5 /* Build configuration list for PBXProject "RickAndMorty" */ = {
			isa = XCConfigurationList;
			buildConfigurations = (
				6A416D63297FD9AE00254AB5 /* Debug */,
				6A416D64297FD9AE00254AB5 /* Release */,
			);
			defaultConfigurationIsVisible = 0;
			defaultConfigurationName = Release;
		};
		6A416D65297FD9AE00254AB5 /* Build configuration list for PBXNativeTarget "RickAndMorty" */ = {
			isa = XCConfigurationList;
			buildConfigurations = (
				6A416D66297FD9AE00254AB5 /* Debug */,
				6A416D67297FD9AE00254AB5 /* Release */,
			);
			defaultConfigurationIsVisible = 0;
			defaultConfigurationName = Release;
		};
/* End XCConfigurationList section */
	};
	rootObject = 6A416D49297FD9AD00254AB5 /* Project object */;
}
